
Microsoft Visual Studio Solution File, Format Version 12.00
# Visual Studio Version 17
VisualStudioVersion = 17.11.35219.272
MinimumVisualStudioVersion = 10.0.40219.1
Project("{FAE04EC0-301F-11D3-BF4B-00C04F79EFBC}") = "EmplyeeCRUDApp", "EmplyeeCRUDApp\EmplyeeCRUDApp.csproj", "{C9A15ECE-9147-454D-92BA-54E16E991614}"
EndProject
Global
	GlobalSection(SolutionConfigurationPlatforms) = preSolution
		Debug|Any CPU = Debug|Any CPU
		Release|Any CPU = Release|Any CPU
	EndGlobalSection
	GlobalSection(ProjectConfigurationPlatforms) = postSolution
		{C9A15ECE-9147-454D-92BA-54E16E991614}.Debug|Any CPU.ActiveCfg = Debug|Any CPU
		{C9A15ECE-9147-454D-92BA-54E16E991614}.Debug|Any CPU.Build.0 = Debug|Any CPU
		{C9A15ECE-9147-454D-92BA-54E16E991614}.Release|Any CPU.ActiveCfg = Release|Any CPU
		{C9A15ECE-9147-454D-92BA-54E16E991614}.Release|Any CPU.Build.0 = Release|Any CPU
	EndGlobalSection
	GlobalSection(SolutionProperties) = preSolution
		HideSolutionNode = FALSE
	EndGlobalSection
	GlobalSection(ExtensibilityGlobals) = postSolution
		SolutionGuid = {ABDFE4F5-4649-4F05-A82C-355409392BA7}
	EndGlobalSection
EndGlobal
